
Microsoft Visual Studio Solution File, Format Version 12.00
# Visual Studio Version 17
VisualStudioVersion = 17.9.34902.65
MinimumVisualStudioVersion = 10.0.40219.1
Project("{FAE04EC0-301F-11D3-BF4B-00C04F79EFBC}") = "PR_6", "PR_6.csproj", "{961B176A-0184-463B-B226-D873DC4ABD0D}"
EndProject
Global
	GlobalSection(SolutionConfigurationPlatforms) = preSolution
		Debug|Any CPU = Debug|Any CPU
		Release|Any CPU = Release|Any CPU
	EndGlobalSection
	GlobalSection(ProjectConfigurationPlatforms) = postSolution
		{961B176A-0184-463B-B226-D873DC4ABD0D}.Debug|Any CPU.ActiveCfg = Debug|Any CPU
		{961B176A-0184-463B-B226-D873DC4ABD0D}.Debug|Any CPU.Build.0 = Debug|Any CPU
		{961B176A-0184-463B-B226-D873DC4ABD0D}.Release|Any CPU.ActiveCfg = Release|Any CPU
		{961B176A-0184-463B-B226-D873DC4ABD0D}.Release|Any CPU.Build.0 = Release|Any CPU
	EndGlobalSection
	GlobalSection(SolutionProperties) = preSolution
		HideSolutionNode = FALSE
	EndGlobalSection
	GlobalSection(ExtensibilityGlobals) = postSolution
		SolutionGuid = {E16C52CF-11E3-4319-8FD5-2C8AEDF01ECB}
	EndGlobalSection
EndGlobal
